
Microsoft Visual Studio Solution File, Format Version 12.00
# Visual Studio Version 16
VisualStudioVersion = 16.0.29920.165
MinimumVisualStudioVersion = 10.0.40219.1
Project("{FAE04EC0-301F-11D3-BF4B-00C04F79EFBC}") = "ProjectS360.UI", "ProjectS360.UI\ProjectS360.UI.csproj", "{16E99DDF-30C3-4F1F-84B6-B6DA0E4641EE}"
EndProject
Project("{FAE04EC0-301F-11D3-BF4B-00C04F79EFBC}") = "ProjectS360.AUTHSERVICE", "ProjectS360.AUTHSERVICE\ProjectS360.AUTHSERVICE.csproj", "{5F7BC6F2-868F-4573-80FE-362586EA0BA8}"
EndProject
Project("{FAE04EC0-301F-11D3-BF4B-00C04F79EFBC}") = "ProjectS360.CORE", "ProjectS360.CORE\ProjectS360.CORE.csproj", "{FDBA27AB-754B-4294-ADA8-BEEC9B34445C}"
EndProject
Project("{FAE04EC0-301F-11D3-BF4B-00C04F79EFBC}") = "ProjectS360.MODEL", "ProjectS360.MODEL\ProjectS360.MODEL.csproj", "{155FFB23-9704-44ED-9380-28C7B71769B2}"
EndProject
Project("{FAE04EC0-301F-11D3-BF4B-00C04F79EFBC}") = "ProjectS360.SERVICE", "ProjectS360.SERVICE\ProjectS360.SERVICE.csproj", "{42DA148D-5C70-4F6D-80BB-08211303CB51}"
EndProject
Global
	GlobalSection(SolutionConfigurationPlatforms) = preSolution
		Debug|Any CPU = Debug|Any CPU
		Release|Any CPU = Release|Any CPU
	EndGlobalSection
	GlobalSection(ProjectConfigurationPlatforms) = postSolution
		{16E99DDF-30C3-4F1F-84B6-B6DA0E4641EE}.Debug|Any CPU.ActiveCfg = Debug|Any CPU
		{16E99DDF-30C3-4F1F-84B6-B6DA0E4641EE}.Debug|Any CPU.Build.0 = Debug|Any CPU
		{16E99DDF-30C3-4F1F-84B6-B6DA0E4641EE}.Release|Any CPU.ActiveCfg = Release|Any CPU
		{16E99DDF-30C3-4F1F-84B6-B6DA0E4641EE}.Release|Any CPU.Build.0 = Release|Any CPU
		{5F7BC6F2-868F-4573-80FE-362586EA0BA8}.Debug|Any CPU.ActiveCfg = Debug|Any CPU
		{5F7BC6F2-868F-4573-80FE-362586EA0BA8}.Debug|Any CPU.Build.0 = Debug|Any CPU
		{5F7BC6F2-868F-4573-80FE-362586EA0BA8}.Release|Any CPU.ActiveCfg = Release|Any CPU
		{5F7BC6F2-868F-4573-80FE-362586EA0BA8}.Release|Any CPU.Build.0 = Release|Any CPU
		{FDBA27AB-754B-4294-ADA8-BEEC9B34445C}.Debug|Any CPU.ActiveCfg = Debug|Any CPU
		{FDBA27AB-754B-4294-ADA8-BEEC9B34445C}.Debug|Any CPU.Build.0 = Debug|Any CPU
		{FDBA27AB-754B-4294-ADA8-BEEC9B34445C}.Release|Any CPU.ActiveCfg = Release|Any CPU
		{FDBA27AB-754B-4294-ADA8-BEEC9B34445C}.Release|Any CPU.Build.0 = Release|Any CPU
		{155FFB23-9704-44ED-9380-28C7B71769B2}.Debug|Any CPU.ActiveCfg = Debug|Any CPU
		{155FFB23-9704-44ED-9380-28C7B71769B2}.Debug|Any CPU.Build.0 = Debug|Any CPU
		{155FFB23-9704-44ED-9380-28C7B71769B2}.Release|Any CPU.ActiveCfg = Release|Any CPU
		{155FFB23-9704-44ED-9380-28C7B71769B2}.Release|Any CPU.Build.0 = Release|Any CPU
		{42DA148D-5C70-4F6D-80BB-08211303CB51}.Debug|Any CPU.ActiveCfg = Debug|Any CPU
		{42DA148D-5C70-4F6D-80BB-08211303CB51}.Debug|Any CPU.Build.0 = Debug|Any CPU
		{42DA148D-5C70-4F6D-80BB-08211303CB51}.Release|Any CPU.ActiveCfg = Release|Any CPU
		{42DA148D-5C70-4F6D-80BB-08211303CB51}.Release|Any CPU.Build.0 = Release|Any CPU
	EndGlobalSection
	GlobalSection(SolutionProperties) = preSolution
		HideSolutionNode = FALSE
	EndGlobalSection
	GlobalSection(ExtensibilityGlobals) = postSolution
		SolutionGuid = {83C0D88B-45E7-4F50-8FA2-5FCED985173D}
	EndGlobalSection
EndGlobal
